{
  "name": "project",
  "lockfileVersion": 3,
  "requires": true,
  "packages": {
    "": {
      "dependencies": {
        "agora-rtc-sdk": "^3.6.11"
      }
    },
    "node_modules/agora-rtc-sdk": {
      "version": "3.6.11",
      "resolved": "https://registry.npmjs.org/agora-rtc-sdk/-/agora-rtc-sdk-3.6.11.tgz",
      "integrity": "sha512-/uOlQeLg+GrR3qJe9UQ39GbHK7OrsLobi3t2W4shG5G7pm1CSPZJUYsWksHlcLgZG0fzvxKcDkGeNQ2AleqniQ==",
      "deprecated": "This package will be deprecated as it will no longer be supported after July 10, 2023. Agora recommends that you migrate to the latest version 4.X.X immediately"
    }
  }
}
